// !$*UTF8*$!
{
	archiveVersion = 1;
	classes = {
	};
	objectVersion = 77;
	objects = {

/* Begin PBXBuildFile section */
		B33152892E2665BB00B42168 /* Slide.swift in Sources */ = {isa = PBXBuildFile; fileRef = B33152882E2665BB00B42168 /* Slide.swift */; };
		B331528B2E2665CA00B42168 /* Slide.xib in Resources */ = {isa = PBXBuildFile; fileRef = B331528A2E2665CA00B42168 /* Slide.xib */; };
		B371F5852E2A31DD006FD36E /* DashboardViewController.swift in Sources */ = {isa = PBXBuildFile; fileRef = B371F5842E2A31DD006FD36E /* DashboardViewController.swift */; };
		B371F5872E2A31E5006FD36E /* DashboardViewModel.swift in Sources */ = {isa = PBXBuildFile; fileRef = B371F5862E2A31E0006FD36E /* DashboardViewModel.swift */; };
		B371F5F42E2A670E006FD36E /* TokenManager.swift in Sources */ = {isa = PBXBuildFile; fileRef = B371F5D02E2A48BD006FD36E /* TokenManager.swift */; };
		B371F5F62E2A708E006FD36E /* CreditTypes.swift in Sources */ = {isa = PBXBuildFile; fileRef = B371F5F52E2A708B006FD36E /* CreditTypes.swift */; };
		B371F5F92E2A725A006FD36E /* EndPoint.swift in Sources */ = {isa = PBXBuildFile; fileRef = B371F5F82E2A722E006FD36E /* EndPoint.swift */; };
		B371F5FB2E2A729D006FD36E /* EndpointCategory.swift in Sources */ = {isa = PBXBuildFile; fileRef = B371F5FA2E2A7293006FD36E /* EndpointCategory.swift */; };
		B371F67B2E2E2380006FD36E /* NameManager.swift in Sources */ = {isa = PBXBuildFile; fileRef = B371F67A2E2E237C006FD36E /* NameManager.swift */; };
		B371F6832E2E6413006FD36E /* RegisterRequest.swift in Sources */ = {isa = PBXBuildFile; fileRef = B371F6822E2E640D006FD36E /* RegisterRequest.swift */; };
		B371F6852E2E65E2006FD36E /* RegisterResponse.swift in Sources */ = {isa = PBXBuildFile; fileRef = B371F6842E2E65DB006FD36E /* RegisterResponse.swift */; };
		B371F6872E2E78E9006FD36E /* WorkTypes.swift in Sources */ = {isa = PBXBuildFile; fileRef = B371F6862E2E78DB006FD36E /* WorkTypes.swift */; };
		B371F68A2E2E85BB006FD36E /* netfox in Frameworks */ = {isa = PBXBuildFile; productRef = B371F6892E2E85BB006FD36E /* netfox */; };
		B371F7082E2F6FA3006FD36E /* MyProfileViewController.swift in Sources */ = {isa = PBXBuildFile; fileRef = B371F7072E2F6FA3006FD36E /* MyProfileViewController.swift */; };
		B371F70A2E2F6FB9006FD36E /* myProfileViewModel.swift in Sources */ = {isa = PBXBuildFile; fileRef = B371F7092E2F6FAA006FD36E /* myProfileViewModel.swift */; };
		B371F70D2E2F732A006FD36E /* User.swift in Sources */ = {isa = PBXBuildFile; fileRef = B371F70C2E2F726A006FD36E /* User.swift */; };
		B371F70F2E2F863D006FD36E /* UserID.swift in Sources */ = {isa = PBXBuildFile; fileRef = B371F70E2E2F863A006FD36E /* UserID.swift */; };
		B371F7122E2FC11A006FD36E /* CreditsInfoAndApplyViewController.swift in Sources */ = {isa = PBXBuildFile; fileRef = B371F7112E2FC11A006FD36E /* CreditsInfoAndApplyViewController.swift */; };
		B371F7142E2FC128006FD36E /* CreditsInfoAndApplyViewModel.swift in Sources */ = {isa = PBXBuildFile; fileRef = B371F7132E2FC11F006FD36E /* CreditsInfoAndApplyViewModel.swift */; };
		B371F7692E30C056006FD36E /* CreditApplyRequest.swift in Sources */ = {isa = PBXBuildFile; fileRef = B371F7682E30C050006FD36E /* CreditApplyRequest.swift */; };
		B371F76B2E30C4B3006FD36E /* CreditTypeManager.swift in Sources */ = {isa = PBXBuildFile; fileRef = B371F76A2E30C4AA006FD36E /* CreditTypeManager.swift */; };
		B371F76D2E30D039006FD36E /* CreditApplyResponse.swift in Sources */ = {isa = PBXBuildFile; fileRef = B371F76C2E30D032006FD36E /* CreditApplyResponse.swift */; };
/* End PBXBuildFile section */

/* Begin PBXFileReference section */
		B33151D12E252EF900B42168 /* ApplyToCreditProject.app */ = {isa = PBXFileReference; explicitFileType = wrapper.application; includeInIndex = 0; path = ApplyToCreditProject.app; sourceTree = BUILT_PRODUCTS_DIR; };
		B33152882E2665BB00B42168 /* Slide.swift */ = {isa = PBXFileReference; lastKnownFileType = sourcecode.swift; path = Slide.swift; sourceTree = "<group>"; };
		B331528A2E2665CA00B42168 /* Slide.xib */ = {isa = PBXFileReference; lastKnownFileType = file.xib; path = Slide.xib; sourceTree = "<group>"; };
		B371F5842E2A31DD006FD36E /* DashboardViewController.swift */ = {isa = PBXFileReference; lastKnownFileType = sourcecode.swift; path = DashboardViewController.swift; sourceTree = "<group>"; };
		B371F5862E2A31E0006FD36E /* DashboardViewModel.swift */ = {isa = PBXFileReference; lastKnownFileType = sourcecode.swift; path = DashboardViewModel.swift; sourceTree = "<group>"; };
		B371F5D02E2A48BD006FD36E /* TokenManager.swift */ = {isa = PBXFileReference; lastKnownFileType = sourcecode.swift; path = TokenManager.swift; sourceTree = "<group>"; };
		B371F5F52E2A708B006FD36E /* CreditTypes.swift */ = {isa = PBXFileReference; lastKnownFileType = sourcecode.swift; path = CreditTypes.swift; sourceTree = "<group>"; };
		B371F5F82E2A722E006FD36E /* EndPoint.swift */ = {isa = PBXFileReference; lastKnownFileType = sourcecode.swift; path = EndPoint.swift; sourceTree = "<group>"; };
		B371F5FA2E2A7293006FD36E /* EndpointCategory.swift */ = {isa = PBXFileReference; lastKnownFileType = sourcecode.swift; path = EndpointCategory.swift; sourceTree = "<group>"; };
		B371F67A2E2E237C006FD36E /* NameManager.swift */ = {isa = PBXFileReference; lastKnownFileType = sourcecode.swift; path = NameManager.swift; sourceTree = "<group>"; };
		B371F6822E2E640D006FD36E /* RegisterRequest.swift */ = {isa = PBXFileReference; lastKnownFileType = sourcecode.swift; path = RegisterRequest.swift; sourceTree = "<group>"; };
		B371F6842E2E65DB006FD36E /* RegisterResponse.swift */ = {isa = PBXFileReference; lastKnownFileType = sourcecode.swift; path = RegisterResponse.swift; sourceTree = "<group>"; };
		B371F6862E2E78DB006FD36E /* WorkTypes.swift */ = {isa = PBXFileReference; lastKnownFileType = sourcecode.swift; path = WorkTypes.swift; sourceTree = "<group>"; };
		B371F7072E2F6FA3006FD36E /* MyProfileViewController.swift */ = {isa = PBXFileReference; lastKnownFileType = sourcecode.swift; path = MyProfileViewController.swift; sourceTree = "<group>"; };
		B371F7092E2F6FAA006FD36E /* myProfileViewModel.swift */ = {isa = PBXFileReference; lastKnownFileType = sourcecode.swift; path = myProfileViewModel.swift; sourceTree = "<group>"; };
		B371F70C2E2F726A006FD36E /* User.swift */ = {isa = PBXFileReference; lastKnownFileType = sourcecode.swift; path = User.swift; sourceTree = "<group>"; };
		B371F70E2E2F863A006FD36E /* UserID.swift */ = {isa = PBXFileReference; lastKnownFileType = sourcecode.swift; path = UserID.swift; sourceTree = "<group>"; };
		B371F7112E2FC11A006FD36E /* CreditsInfoAndApplyViewController.swift */ = {isa = PBXFileReference; lastKnownFileType = sourcecode.swift; path = CreditsInfoAndApplyViewController.swift; sourceTree = "<group>"; };
		B371F7132E2FC11F006FD36E /* CreditsInfoAndApplyViewModel.swift */ = {isa = PBXFileReference; lastKnownFileType = sourcecode.swift; path = CreditsInfoAndApplyViewModel.swift; sourceTree = "<group>"; };
		B371F7682E30C050006FD36E /* CreditApplyRequest.swift */ = {isa = PBXFileReference; lastKnownFileType = sourcecode.swift; path = CreditApplyRequest.swift; sourceTree = "<group>"; };
		B371F76A2E30C4AA006FD36E /* CreditTypeManager.swift */ = {isa = PBXFileReference; lastKnownFileType = sourcecode.swift; path = CreditTypeManager.swift; sourceTree = "<group>"; };
		B371F76C2E30D032006FD36E /* CreditApplyResponse.swift */ = {isa = PBXFileReference; lastKnownFileType = sourcecode.swift; path = CreditApplyResponse.swift; sourceTree = "<group>"; };
/* End PBXFileReference section */

/* Begin PBXFileSystemSynchronizedBuildFileExceptionSet section */
		B33151F32E252F4200B42168 /* Exceptions for "ApplyToCreditProject" folder in "ApplyToCreditProject" target */ = {
			isa = PBXFileSystemSynchronizedBuildFileExceptionSet;
			membershipExceptions = (
				Info.plist,
			);
			target = B33151D02E252EF900B42168 /* ApplyToCreditProject */;
		};
		B371F67D2E2E3344006FD36E /* Exceptions for "Controllers" folder in "ApplyToCreditProject" target */ = {
			isa = PBXFileSystemSynchronizedBuildFileExceptionSet;
			membershipExceptions = (
				Register.swift,
				SignUpPageViewController.swift,
				SignUpPageViewModel.swift,
			);
			target = B33151D02E252EF900B42168 /* ApplyToCreditProject */;
		};
/* End PBXFileSystemSynchronizedBuildFileExceptionSet section */

/* Begin PBXFileSystemSynchronizedRootGroup section */
		B33151E92E252F0B00B42168 /* App */ = {
			isa = PBXFileSystemSynchronizedRootGroup;
			path = App;
			sourceTree = "<group>";
		};
		B33151EC2E252F3C00B42168 /* Resources */ = {
			isa = PBXFileSystemSynchronizedRootGroup;
			path = Resources;
			sourceTree = "<group>";
		};
		B33151F22E252F4200B42168 /* ApplyToCreditProject */ = {
			isa = PBXFileSystemSynchronizedRootGroup;
			exceptions = (
				B33151F32E252F4200B42168 /* Exceptions for "ApplyToCreditProject" folder in "ApplyToCreditProject" target */,
			);
			path = ApplyToCreditProject;
			sourceTree = "<group>";
		};
		B33151FA2E252FA600B42168 /* Models */ = {
			isa = PBXFileSystemSynchronizedRootGroup;
			path = Models;
			sourceTree = "<group>";
		};
		B33151FE2E252FBA00B42168 /* HomePage */ = {
			isa = PBXFileSystemSynchronizedRootGroup;
			path = HomePage;
			sourceTree = "<group>";
		};
		B33152022E2532EA00B42168 /* Constans */ = {
			isa = PBXFileSystemSynchronizedRootGroup;
			path = Constans;
			sourceTree = "<group>";
		};
		B33152292E2535E300B42168 /* Extensions */ = {
			isa = PBXFileSystemSynchronizedRootGroup;
			path = Extensions;
			sourceTree = "<group>";
		};
		B33152AD2E27CE3600B42168 /* LoginPage */ = {
			isa = PBXFileSystemSynchronizedRootGroup;
			path = LoginPage;
			sourceTree = "<group>";
		};
		B371F6782E2E19F1006FD36E /* Controllers */ = {
			isa = PBXFileSystemSynchronizedRootGroup;
			exceptions = (
				B371F67D2E2E3344006FD36E /* Exceptions for "Controllers" folder in "ApplyToCreditProject" target */,
			);
			path = Controllers;
			sourceTree = "<group>";
		};
/* End PBXFileSystemSynchronizedRootGroup section */

/* Begin PBXFrameworksBuildPhase section */
		B33151CE2E252EF900B42168 /* Frameworks */ = {
			isa = PBXFrameworksBuildPhase;
			buildActionMask = 2147483647;
			files = (
				B371F68A2E2E85BB006FD36E /* netfox in Frameworks */,
			);
			runOnlyForDeploymentPostprocessing = 0;
		};
/* End PBXFrameworksBuildPhase section */

/* Begin PBXGroup section */
		B33151C82E252EF900B42168 = {
			isa = PBXGroup;
			children = (
				B371F7102E2FC0BF006FD36E /* CreditsInfoAndApply */,
				B371F7062E2F6F76006FD36E /* MyProfile */,
				B371F6732E2E1978006FD36E /* SignUpPage */,
				B371F5F72E2A7229006FD36E /* Enums */,
				B371F5CE2E2A447E006FD36E /* Token */,
				B371F5832E2A31B4006FD36E /* Dashboard */,
				B33152AD2E27CE3600B42168 /* LoginPage */,
				B33152872E26658900B42168 /* ScrollView */,
				B33152022E2532EA00B42168 /* Constans */,
				B33151FA2E252FA600B42168 /* Models */,
				B33151E92E252F0B00B42168 /* App */,
				B33151D22E252EF900B42168 /* Products */,
				B33151EC2E252F3C00B42168 /* Resources */,
				B33151F22E252F4200B42168 /* ApplyToCreditProject */,
				B33151FE2E252FBA00B42168 /* HomePage */,
				B33152292E2535E300B42168 /* Extensions */,
			);
			sourceTree = "<group>";
		};
		B33151D22E252EF900B42168 /* Products */ = {
			isa = PBXGroup;
			children = (
				B33151D12E252EF900B42168 /* ApplyToCreditProject.app */,
			);
			name = Products;
			sourceTree = "<group>";
		};
		B33152872E26658900B42168 /* ScrollView */ = {
			isa = PBXGroup;
			children = (
				B33152882E2665BB00B42168 /* Slide.swift */,
				B331528A2E2665CA00B42168 /* Slide.xib */,
			);
			path = ScrollView;
			sourceTree = "<group>";
		};
		B371F5832E2A31B4006FD36E /* Dashboard */ = {
			isa = PBXGroup;
			children = (
				B371F6772E2E19E6006FD36E /* Controllers */,
				B371F6762E2E19D5006FD36E /* Models */,
			);
			path = Dashboard;
			sourceTree = "<group>";
		};
		B371F5CE2E2A447E006FD36E /* Token */ = {
			isa = PBXGroup;
			children = (
				B371F70E2E2F863A006FD36E /* UserID.swift */,
				B371F5D02E2A48BD006FD36E /* TokenManager.swift */,
			);
			path = Token;
			sourceTree = "<group>";
		};
		B371F5F72E2A7229006FD36E /* Enums */ = {
			isa = PBXGroup;
			children = (
				B371F6862E2E78DB006FD36E /* WorkTypes.swift */,
				B371F5FA2E2A7293006FD36E /* EndpointCategory.swift */,
				B371F5F82E2A722E006FD36E /* EndPoint.swift */,
			);
			path = Enums;
			sourceTree = "<group>";
		};
		B371F6732E2E1978006FD36E /* SignUpPage */ = {
			isa = PBXGroup;
			children = (
				B371F6782E2E19F1006FD36E /* Controllers */,
				B371F6792E2E19F9006FD36E /* Models */,
			);
			path = SignUpPage;
			sourceTree = "<group>";
		};
		B371F6762E2E19D5006FD36E /* Models */ = {
			isa = PBXGroup;
			children = (
				B371F5F52E2A708B006FD36E /* CreditTypes.swift */,
			);
			path = Models;
			sourceTree = "<group>";
		};
		B371F6772E2E19E6006FD36E /* Controllers */ = {
			isa = PBXGroup;
			children = (
				B371F67A2E2E237C006FD36E /* NameManager.swift */,
				B371F5842E2A31DD006FD36E /* DashboardViewController.swift */,
				B371F5862E2A31E0006FD36E /* DashboardViewModel.swift */,
			);
			path = Controllers;
			sourceTree = "<group>";
		};
		B371F6792E2E19F9006FD36E /* Models */ = {
			isa = PBXGroup;
			children = (
				B371F6842E2E65DB006FD36E /* RegisterResponse.swift */,
				B371F6822E2E640D006FD36E /* RegisterRequest.swift */,
			);
			path = Models;
			sourceTree = "<group>";
		};
		B371F7062E2F6F76006FD36E /* MyProfile */ = {
			isa = PBXGroup;
			children = (
				B371F7072E2F6FA3006FD36E /* MyProfileViewController.swift */,
				B371F7092E2F6FAA006FD36E /* myProfileViewModel.swift */,
				B371F70B2E2F725F006FD36E /* Models */,
			);
			path = MyProfile;
			sourceTree = "<group>";
		};
		B371F70B2E2F725F006FD36E /* Models */ = {
			isa = PBXGroup;
			children = (
				B371F70C2E2F726A006FD36E /* User.swift */,
			);
			path = Models;
			sourceTree = "<group>";
		};
		B371F7102E2FC0BF006FD36E /* CreditsInfoAndApply */ = {
			isa = PBXGroup;
			children = (
				B371F7112E2FC11A006FD36E /* CreditsInfoAndApplyViewController.swift */,
				B371F7132E2FC11F006FD36E /* CreditsInfoAndApplyViewModel.swift */,
				B371F73E2E30C034006FD36E /* New Group */,
			);
			path = CreditsInfoAndApply;
			sourceTree = "<group>";
		};
		B371F73E2E30C034006FD36E /* New Group */ = {
			isa = PBXGroup;
			children = (
				B371F76C2E30D032006FD36E /* CreditApplyResponse.swift */,
				B371F76A2E30C4AA006FD36E /* CreditTypeManager.swift */,
				B371F7682E30C050006FD36E /* CreditApplyRequest.swift */,
			);
			path = "New Group";
			sourceTree = "<group>";
		};
/* End PBXGroup section */

/* Begin PBXNativeTarget section */
		B33151D02E252EF900B42168 /* ApplyToCreditProject */ = {
			isa = PBXNativeTarget;
			buildConfigurationList = B33151E42E252EFB00B42168 /* Build configuration list for PBXNativeTarget "ApplyToCreditProject" */;
			buildPhases = (
				B33151CD2E252EF900B42168 /* Sources */,
				B33151CE2E252EF900B42168 /* Frameworks */,
				B33151CF2E252EF900B42168 /* Resources */,
			);
			buildRules = (
			);
			dependencies = (
			);
			fileSystemSynchronizedGroups = (
				B33151E92E252F0B00B42168 /* App */,
				B33151EC2E252F3C00B42168 /* Resources */,
				B33151F22E252F4200B42168 /* ApplyToCreditProject */,
				B33151FA2E252FA600B42168 /* Models */,
				B33151FE2E252FBA00B42168 /* HomePage */,
				B33152022E2532EA00B42168 /* Constans */,
				B33152292E2535E300B42168 /* Extensions */,
				B33152AD2E27CE3600B42168 /* LoginPage */,
			);
			name = ApplyToCreditProject;
			packageProductDependencies = (
				B371F6892E2E85BB006FD36E /* netfox */,
			);
			productName = ApplyToCreditProject;
			productReference = B33151D12E252EF900B42168 /* ApplyToCreditProject.app */;
			productType = "com.apple.product-type.application";
		};
/* End PBXNativeTarget section */

/* Begin PBXProject section */
		B33151C92E252EF900B42168 /* Project object */ = {
			isa = PBXProject;
			attributes = {
				BuildIndependentTargetsInParallel = 1;
				LastSwiftUpdateCheck = 1640;
				LastUpgradeCheck = 1640;
				TargetAttributes = {
					B33151D02E252EF900B42168 = {
						CreatedOnToolsVersion = 16.4;
					};
				};
			};
			buildConfigurationList = B33151CC2E252EF900B42168 /* Build configuration list for PBXProject "ApplyToCreditProject" */;
			developmentRegion = en;
			hasScannedForEncodings = 0;
			knownRegions = (
				en,
				Base,
			);
			mainGroup = B33151C82E252EF900B42168;
			minimizedProjectReferenceProxies = 1;
			packageReferences = (
				B371F6882E2E85BB006FD36E /* XCRemoteSwiftPackageReference "netfox" */,
			);
			preferredProjectObjectVersion = 77;
			productRefGroup = B33151D22E252EF900B42168 /* Products */;
			projectDirPath = "";
			projectRoot = "";
			targets = (
				B33151D02E252EF900B42168 /* ApplyToCreditProject */,
			);
		};
/* End PBXProject section */

/* Begin PBXResourcesBuildPhase section */
		B33151CF2E252EF900B42168 /* Resources */ = {
			isa = PBXResourcesBuildPhase;
			buildActionMask = 2147483647;
			files = (
				B331528B2E2665CA00B42168 /* Slide.xib in Resources */,
			);
			runOnlyForDeploymentPostprocessing = 0;
		};
/* End PBXResourcesBuildPhase section */

/* Begin PBXSourcesBuildPhase section */
		B33151CD2E252EF900B42168 /* Sources */ = {
			isa = PBXSourcesBuildPhase;
			buildActionMask = 2147483647;
			files = (
				B33152892E2665BB00B42168 /* Slide.swift in Sources */,
				B371F6852E2E65E2006FD36E /* RegisterResponse.swift in Sources */,
				B371F5FB2E2A729D006FD36E /* EndpointCategory.swift in Sources */,
				B371F70D2E2F732A006FD36E /* User.swift in Sources */,
				B371F5F62E2A708E006FD36E /* CreditTypes.swift in Sources */,
				B371F6832E2E6413006FD36E /* RegisterRequest.swift in Sources */,
				B371F5F92E2A725A006FD36E /* EndPoint.swift in Sources */,
				B371F70F2E2F863D006FD36E /* UserID.swift in Sources */,
				B371F70A2E2F6FB9006FD36E /* myProfileViewModel.swift in Sources */,
				B371F7122E2FC11A006FD36E /* CreditsInfoAndApplyViewController.swift in Sources */,
				B371F7082E2F6FA3006FD36E /* MyProfileViewController.swift in Sources */,
				B371F5852E2A31DD006FD36E /* DashboardViewController.swift in Sources */,
				B371F7692E30C056006FD36E /* CreditApplyRequest.swift in Sources */,
				B371F76B2E30C4B3006FD36E /* CreditTypeManager.swift in Sources */,
				B371F5872E2A31E5006FD36E /* DashboardViewModel.swift in Sources */,
				B371F6872E2E78E9006FD36E /* WorkTypes.swift in Sources */,
				B371F67B2E2E2380006FD36E /* NameManager.swift in Sources */,
				B371F7142E2FC128006FD36E /* CreditsInfoAndApplyViewModel.swift in Sources */,
				B371F5F42E2A670E006FD36E /* TokenManager.swift in Sources */,
				B371F76D2E30D039006FD36E /* CreditApplyResponse.swift in Sources */,
			);
			runOnlyForDeploymentPostprocessing = 0;
		};
/* End PBXSourcesBuildPhase section */

/* Begin XCBuildConfiguration section */
		B33151E52E252EFB00B42168 /* Debug */ = {
			isa = XCBuildConfiguration;
			buildSettings = {
				ASSETCATALOG_COMPILER_APPICON_NAME = AppIcon;
				ASSETCATALOG_COMPILER_GLOBAL_ACCENT_COLOR_NAME = AccentColor;
				CODE_SIGN_STYLE = Automatic;
				CURRENT_PROJECT_VERSION = 1;
				GENERATE_INFOPLIST_FILE = YES;
				INFOPLIST_FILE = ApplyToCreditProject/Info.plist;
				INFOPLIST_KEY_UIApplicationSupportsIndirectInputEvents = YES;
				INFOPLIST_KEY_UILaunchStoryboardName = LaunchScreen;
				INFOPLIST_KEY_UIMainStoryboardFile = Main;
				INFOPLIST_KEY_UISupportedInterfaceOrientations_iPad = "UIInterfaceOrientationPortrait UIInterfaceOrientationPortraitUpsideDown UIInterfaceOrientationLandscapeLeft UIInterfaceOrientationLandscapeRight";
				INFOPLIST_KEY_UISupportedInterfaceOrientations_iPhone = "UIInterfaceOrientationPortrait UIInterfaceOrientationLandscapeLeft UIInterfaceOrientationLandscapeRight";
				LD_RUNPATH_SEARCH_PATHS = (
					"$(inherited)",
					"@executable_path/Frameworks",
				);
				MARKETING_VERSION = 1.0;
				PRODUCT_BUNDLE_IDENTIFIER = com.serifbotan.ApplyToCreditProject;
				PRODUCT_NAME = "$(TARGET_NAME)";
				SWIFT_EMIT_LOC_STRINGS = YES;
				SWIFT_VERSION = 5.0;
				TARGETED_DEVICE_FAMILY = "1,2";
			};
			name = Debug;
		};
		B33151E62E252EFB00B42168 /* Release */ = {
			isa = XCBuildConfiguration;
			buildSettings = {
				ASSETCATALOG_COMPILER_APPICON_NAME = AppIcon;
				ASSETCATALOG_COMPILER_GLOBAL_ACCENT_COLOR_NAME = AccentColor;
				CODE_SIGN_STYLE = Automatic;
				CURRENT_PROJECT_VERSION = 1;
				GENERATE_INFOPLIST_FILE = YES;
				INFOPLIST_FILE = ApplyToCreditProject/Info.plist;
				INFOPLIST_KEY_UIApplicationSupportsIndirectInputEvents = YES;
				INFOPLIST_KEY_UILaunchStoryboardName = LaunchScreen;
				INFOPLIST_KEY_UIMainStoryboardFile = Main;
				INFOPLIST_KEY_UISupportedInterfaceOrientations_iPad = "UIInterfaceOrientationPortrait UIInterfaceOrientationPortraitUpsideDown UIInterfaceOrientationLandscapeLeft UIInterfaceOrientationLandscapeRight";
				INFOPLIST_KEY_UISupportedInterfaceOrientations_iPhone = "UIInterfaceOrientationPortrait UIInterfaceOrientationLandscapeLeft UIInterfaceOrientationLandscapeRight";
				LD_RUNPATH_SEARCH_PATHS = (
					"$(inherited)",
					"@executable_path/Frameworks",
				);
				MARKETING_VERSION = 1.0;
				PRODUCT_BUNDLE_IDENTIFIER = com.serifbotan.ApplyToCreditProject;
				PRODUCT_NAME = "$(TARGET_NAME)";
				SWIFT_EMIT_LOC_STRINGS = YES;
				SWIFT_VERSION = 5.0;
				TARGETED_DEVICE_FAMILY = "1,2";
			};
			name = Release;
		};
		B33151E72E252EFB00B42168 /* Debug */ = {
			isa = XCBuildConfiguration;
			buildSettings = {
				ALWAYS_SEARCH_USER_PATHS = NO;
				ASSETCATALOG_COMPILER_GENERATE_SWIFT_ASSET_SYMBOL_EXTENSIONS = YES;
				CLANG_ANALYZER_NONNULL = YES;
				CLANG_ANALYZER_NUMBER_OBJECT_CONVERSION = YES_AGGRESSIVE;
				CLANG_CXX_LANGUAGE_STANDARD = "gnu++20";
				CLANG_ENABLE_MODULES = YES;
				CLANG_ENABLE_OBJC_ARC = YES;
				CLANG_ENABLE_OBJC_WEAK = YES;
				CLANG_WARN_BLOCK_CAPTURE_AUTORELEASING = YES;
				CLANG_WARN_BOOL_CONVERSION = YES;
				CLANG_WARN_COMMA = YES;
				CLANG_WARN_CONSTANT_CONVERSION = YES;
				CLANG_WARN_DEPRECATED_OBJC_IMPLEMENTATIONS = YES;
				CLANG_WARN_DIRECT_OBJC_ISA_USAGE = YES_ERROR;
				CLANG_WARN_DOCUMENTATION_COMMENTS = YES;
				CLANG_WARN_EMPTY_BODY = YES;
				CLANG_WARN_ENUM_CONVERSION = YES;
				CLANG_WARN_INFINITE_RECURSION = YES;
				CLANG_WARN_INT_CONVERSION = YES;
				CLANG_WARN_NON_LITERAL_NULL_CONVERSION = YES;
				CLANG_WARN_OBJC_IMPLICIT_RETAIN_SELF = YES;
				CLANG_WARN_OBJC_LITERAL_CONVERSION = YES;
				CLANG_WARN_OBJC_ROOT_CLASS = YES_ERROR;
				CLANG_WARN_QUOTED_INCLUDE_IN_FRAMEWORK_HEADER = YES;
				CLANG_WARN_RANGE_LOOP_ANALYSIS = YES;
				CLANG_WARN_STRICT_PROTOTYPES = YES;
				CLANG_WARN_SUSPICIOUS_MOVE = YES;
				CLANG_WARN_UNGUARDED_AVAILABILITY = YES_AGGRESSIVE;
				CLANG_WARN_UNREACHABLE_CODE = YES;
				CLANG_WARN__DUPLICATE_METHOD_MATCH = YES;
				COPY_PHASE_STRIP = NO;
				DEBUG_INFORMATION_FORMAT = dwarf;
				ENABLE_STRICT_OBJC_MSGSEND = YES;
				ENABLE_TESTABILITY = YES;
				ENABLE_USER_SCRIPT_SANDBOXING = YES;
				GCC_C_LANGUAGE_STANDARD = gnu17;
				GCC_DYNAMIC_NO_PIC = NO;
				GCC_NO_COMMON_BLOCKS = YES;
				GCC_OPTIMIZATION_LEVEL = 0;
				GCC_PREPROCESSOR_DEFINITIONS = (
					"DEBUG=1",
					"$(inherited)",
				);
				GCC_WARN_64_TO_32_BIT_CONVERSION = YES;
				GCC_WARN_ABOUT_RETURN_TYPE = YES_ERROR;
				GCC_WARN_UNDECLARED_SELECTOR = YES;
				GCC_WARN_UNINITIALIZED_AUTOS = YES_AGGRESSIVE;
				GCC_WARN_UNUSED_FUNCTION = YES;
				GCC_WARN_UNUSED_VARIABLE = YES;
				IPHONEOS_DEPLOYMENT_TARGET = 18.5;
				LOCALIZATION_PREFERS_STRING_CATALOGS = YES;
				MTL_ENABLE_DEBUG_INFO = INCLUDE_SOURCE;
				MTL_FAST_MATH = YES;
				ONLY_ACTIVE_ARCH = YES;
				SDKROOT = iphoneos;
				SWIFT_ACTIVE_COMPILATION_CONDITIONS = "DEBUG $(inherited)";
				SWIFT_OPTIMIZATION_LEVEL = "-Onone";
			};
			name = Debug;
		};
		B33151E82E252EFB00B42168 /* Release */ = {
			isa = XCBuildConfiguration;
			buildSettings = {
				ALWAYS_SEARCH_USER_PATHS = NO;
				ASSETCATALOG_COMPILER_GENERATE_SWIFT_ASSET_SYMBOL_EXTENSIONS = YES;
				CLANG_ANALYZER_NONNULL = YES;
				CLANG_ANALYZER_NUMBER_OBJECT_CONVERSION = YES_AGGRESSIVE;
				CLANG_CXX_LANGUAGE_STANDARD = "gnu++20";
				CLANG_ENABLE_MODULES = YES;
				CLANG_ENABLE_OBJC_ARC = YES;
				CLANG_ENABLE_OBJC_WEAK = YES;
				CLANG_WARN_BLOCK_CAPTURE_AUTORELEASING = YES;
				CLANG_WARN_BOOL_CONVERSION = YES;
				CLANG_WARN_COMMA = YES;
				CLANG_WARN_CONSTANT_CONVERSION = YES;
				CLANG_WARN_DEPRECATED_OBJC_IMPLEMENTATIONS = YES;
				CLANG_WARN_DIRECT_OBJC_ISA_USAGE = YES_ERROR;
				CLANG_WARN_DOCUMENTATION_COMMENTS = YES;
				CLANG_WARN_EMPTY_BODY = YES;
				CLANG_WARN_ENUM_CONVERSION = YES;
				CLANG_WARN_INFINITE_RECURSION = YES;
				CLANG_WARN_INT_CONVERSION = YES;
				CLANG_WARN_NON_LITERAL_NULL_CONVERSION = YES;
				CLANG_WARN_OBJC_IMPLICIT_RETAIN_SELF = YES;
				CLANG_WARN_OBJC_LITERAL_CONVERSION = YES;
				CLANG_WARN_OBJC_ROOT_CLASS = YES_ERROR;
				CLANG_WARN_QUOTED_INCLUDE_IN_FRAMEWORK_HEADER = YES;
				CLANG_WARN_RANGE_LOOP_ANALYSIS = YES;
				CLANG_WARN_STRICT_PROTOTYPES = YES;
				CLANG_WARN_SUSPICIOUS_MOVE = YES;
				CLANG_WARN_UNGUARDED_AVAILABILITY = YES_AGGRESSIVE;
				CLANG_WARN_UNREACHABLE_CODE = YES;
				CLANG_WARN__DUPLICATE_METHOD_MATCH = YES;
				COPY_PHASE_STRIP = NO;
				DEBUG_INFORMATION_FORMAT = "dwarf-with-dsym";
				ENABLE_NS_ASSERTIONS = NO;
				ENABLE_STRICT_OBJC_MSGSEND = YES;
				ENABLE_USER_SCRIPT_SANDBOXING = YES;
				GCC_C_LANGUAGE_STANDARD = gnu17;
				GCC_NO_COMMON_BLOCKS = YES;
				GCC_WARN_64_TO_32_BIT_CONVERSION = YES;
				GCC_WARN_ABOUT_RETURN_TYPE = YES_ERROR;
				GCC_WARN_UNDECLARED_SELECTOR = YES;
				GCC_WARN_UNINITIALIZED_AUTOS = YES_AGGRESSIVE;
				GCC_WARN_UNUSED_FUNCTION = YES;
				GCC_WARN_UNUSED_VARIABLE = YES;
				IPHONEOS_DEPLOYMENT_TARGET = 18.5;
				LOCALIZATION_PREFERS_STRING_CATALOGS = YES;
				MTL_ENABLE_DEBUG_INFO = NO;
				MTL_FAST_MATH = YES;
				SDKROOT = iphoneos;
				SWIFT_COMPILATION_MODE = wholemodule;
				VALIDATE_PRODUCT = YES;
			};
			name = Release;
		};
/* End XCBuildConfiguration section */

/* Begin XCConfigurationList section */
		B33151CC2E252EF900B42168 /* Build configuration list for PBXProject "ApplyToCreditProject" */ = {
			isa = XCConfigurationList;
			buildConfigurations = (
				B33151E72E252EFB00B42168 /* Debug */,
				B33151E82E252EFB00B42168 /* Release */,
			);
			defaultConfigurationIsVisible = 0;
			defaultConfigurationName = Release;
		};
		B33151E42E252EFB00B42168 /* Build configuration list for PBXNativeTarget "ApplyToCreditProject" */ = {
			isa = XCConfigurationList;
			buildConfigurations = (
				B33151E52E252EFB00B42168 /* Debug */,
				B33151E62E252EFB00B42168 /* Release */,
			);
			defaultConfigurationIsVisible = 0;
			defaultConfigurationName = Release;
		};
/* End XCConfigurationList section */

/* Begin XCRemoteSwiftPackageReference section */
		B371F6882E2E85BB006FD36E /* XCRemoteSwiftPackageReference "netfox" */ = {
			isa = XCRemoteSwiftPackageReference;
			repositoryURL = "https://github.com/kasketis/netfox";
			requirement = {
				kind = upToNextMajorVersion;
				minimumVersion = 1.21.0;
			};
		};
/* End XCRemoteSwiftPackageReference section */

/* Begin XCSwiftPackageProductDependency section */
		B371F6892E2E85BB006FD36E /* netfox */ = {
			isa = XCSwiftPackageProductDependency;
			package = B371F6882E2E85BB006FD36E /* XCRemoteSwiftPackageReference "netfox" */;
			productName = netfox;
		};
/* End XCSwiftPackageProductDependency section */
	};
	rootObject = B33151C92E252EF900B42168 /* Project object */;
}
